
Microsoft Visual Studio Solution File, Format Version 12.00
# Visual Studio 2012
Project("{FAE04EC0-301F-11D3-BF4B-00C04F79EFBC}") = "ejemplo1_resta", "ejemplo1_resta.csproj", "{7AF1AE32-3F33-4378-8BEF-885484B14F14}"
EndProject
Global
	GlobalSection(SolutionConfigurationPlatforms) = preSolution
		Debug|Any CPU = Debug|Any CPU
		Release|Any CPU = Release|Any CPU
	EndGlobalSection
	GlobalSection(ProjectConfigurationPlatforms) = postSolution
		{7AF1AE32-3F33-4378-8BEF-885484B14F14}.Debug|Any CPU.ActiveCfg = Debug|Any CPU
		{7AF1AE32-3F33-4378-8BEF-885484B14F14}.Debug|Any CPU.Build.0 = Debug|Any CPU
		{7AF1AE32-3F33-4378-8BEF-885484B14F14}.Release|Any CPU.ActiveCfg = Release|Any CPU
		{7AF1AE32-3F33-4378-8BEF-885484B14F14}.Release|Any CPU.Build.0 = Release|Any CPU
	EndGlobalSection
	GlobalSection(SolutionProperties) = preSolution
		HideSolutionNode = FALSE
	EndGlobalSection
EndGlobal
